
Microsoft Visual Studio Solution File, Format Version 12.00
# Visual Studio 15
VisualStudioVersion = 15.0.28307.329
MinimumVisualStudioVersion = 10.0.40219.1
Project("{FAE04EC0-301F-11D3-BF4B-00C04F79EFBC}") = "CQRSConcept", "CQRSConcept\CQRSConcept.csproj", "{BC2B965C-8FA5-48BD-9256-26200309C589}"
EndProject
Project("{FAE04EC0-301F-11D3-BF4B-00C04F79EFBC}") = "CQRSConcept.Infraestructure", "CQRSConcept.Infraestructure\CQRSConcept.Infraestructure.csproj", "{0CDD71D2-CF44-48DA-8E97-C03F9F372244}"
EndProject
Global
	GlobalSection(SolutionConfigurationPlatforms) = preSolution
		Debug|Any CPU = Debug|Any CPU
		Release|Any CPU = Release|Any CPU
	EndGlobalSection
	GlobalSection(ProjectConfigurationPlatforms) = postSolution
		{BC2B965C-8FA5-48BD-9256-26200309C589}.Debug|Any CPU.ActiveCfg = Debug|Any CPU
		{BC2B965C-8FA5-48BD-9256-26200309C589}.Debug|Any CPU.Build.0 = Debug|Any CPU
		{BC2B965C-8FA5-48BD-9256-26200309C589}.Release|Any CPU.ActiveCfg = Release|Any CPU
		{BC2B965C-8FA5-48BD-9256-26200309C589}.Release|Any CPU.Build.0 = Release|Any CPU
		{0CDD71D2-CF44-48DA-8E97-C03F9F372244}.Debug|Any CPU.ActiveCfg = Debug|Any CPU
		{0CDD71D2-CF44-48DA-8E97-C03F9F372244}.Debug|Any CPU.Build.0 = Debug|Any CPU
		{0CDD71D2-CF44-48DA-8E97-C03F9F372244}.Release|Any CPU.ActiveCfg = Release|Any CPU
		{0CDD71D2-CF44-48DA-8E97-C03F9F372244}.Release|Any CPU.Build.0 = Release|Any CPU
	EndGlobalSection
	GlobalSection(SolutionProperties) = preSolution
		HideSolutionNode = FALSE
	EndGlobalSection
	GlobalSection(ExtensibilityGlobals) = postSolution
		SolutionGuid = {AD28B5C8-1CFC-4128-B9C2-70E900926F97}
	EndGlobalSection
EndGlobal
